{
	"name": "website",
	"version": "0.0.1",
	"lockfileVersion": 3,
	"requires": true,
	"packages": {
		"": {
			"name": "website",
			"version": "0.0.1",
			"devDependencies": {
				"@sveltejs/adapter-static": "^3.0.8",
				"@sveltejs/kit": "^2.16.0",
				"@sveltejs/vite-plugin-svelte": "^5.0.0",
				"@tailwindcss/forms": "^0.5.9",
				"@tailwindcss/typography": "^0.5.15",
				"@tailwindcss/vite": "^4.0.0",
				"svelte": "^5.0.0",
				"svelte-check": "^4.0.0",
				"tailwindcss": "^4.0.0",
				"typescript": "^5.0.0",
				"vite": "^6.0.0"
			}
		},
		"../../node_modules/.pnpm/@sveltejs+adapter-static@3.0.8_@sveltejs+kit@2.19.2_@sveltejs+vite-plugin-svelte@5.0.3_svelte_xxuj3xxvvko5owbs6la42xm4bq/node_modules/@sveltejs/adapter-static": {
			"version": "3.0.8",
			"dev": true,
			"license": "MIT",
			"devDependencies": {
				"@playwright/test": "^1.44.1",
				"@sveltejs/kit": "^2.14.0",
				"@sveltejs/vite-plugin-svelte": "^5.0.1",
				"@types/node": "^18.19.48",
				"sirv": "^3.0.0",
				"svelte": "^5.2.9",
				"typescript": "^5.3.3",
				"vite": "^6.0.1"
			},
			"peerDependencies": {
				"@sveltejs/kit": "^2.0.0"
			}
		},
		"../../node_modules/.pnpm/@sveltejs+kit@2.19.2_@sveltejs+vite-plugin-svelte@5.0.3_svelte@5.23.1_vite@6.2.2_@types+node@_efckv7g3unrk5petmbazr2mmya/node_modules/@sveltejs/kit": {
			"version": "2.19.2",
			"dev": true,
			"license": "MIT",
			"dependencies": {
				"@types/cookie": "^0.6.0",
				"cookie": "^0.6.0",
				"devalue": "^5.1.0",
				"esm-env": "^1.2.2",
				"import-meta-resolve": "^4.1.0",
				"kleur": "^4.1.5",
				"magic-string": "^0.30.5",
				"mrmime": "^2.0.0",
				"sade": "^1.8.1",
				"set-cookie-parser": "^2.6.0",
				"sirv": "^3.0.0"
			},
			"bin": {
				"svelte-kit": "svelte-kit.js"
			},
			"devDependencies": {
				"@playwright/test": "^1.44.1",
				"@sveltejs/vite-plugin-svelte": "^5.0.1",
				"@types/connect": "^3.4.38",
				"@types/node": "^18.19.48",
				"@types/set-cookie-parser": "^2.4.7",
				"dts-buddy": "^0.5.5",
				"rollup": "^4.14.2",
				"svelte": "^5.2.9",
				"svelte-preprocess": "^6.0.0",
				"typescript": "^5.3.3",
				"vite": "^6.0.11",
				"vitest": "^3.0.1"
			},
			"engines": {
				"node": ">=18.13"
			},
			"peerDependencies": {
				"@sveltejs/vite-plugin-svelte": "^3.0.0 || ^4.0.0-next.1 || ^5.0.0",
				"svelte": "^4.0.0 || ^5.0.0-next.0",
				"vite": "^5.0.3 || ^6.0.0"
			}
		},
		"../../node_modules/.pnpm/@sveltejs+vite-plugin-svelte@5.0.3_svelte@5.23.1_vite@6.2.2_@types+node@20.14.11_jiti@2.4.2_l_kodr26uqhfgymfgqgnpjh64cqi/node_modules/@sveltejs/vite-plugin-svelte": {
			"version": "5.0.3",
			"dev": true,
			"license": "MIT",
			"dependencies": {
				"@sveltejs/vite-plugin-svelte-inspector": "^4.0.1",
				"debug": "^4.4.0",
				"deepmerge": "^4.3.1",
				"kleur": "^4.1.5",
				"magic-string": "^0.30.15",
				"vitefu": "^1.0.4"
			},
			"devDependencies": {
				"@types/debug": "^4.1.12",
				"esbuild": "^0.24.0",
				"sass": "^1.83.0",
				"svelte": "^5.12.0",
				"vite": "^6.0.3"
			},
			"engines": {
				"node": "^18.0.0 || ^20.0.0 || >=22"
			},
			"peerDependencies": {
				"svelte": "^5.0.0",
				"vite": "^6.0.0"
			}
		},
		"../../node_modules/.pnpm/@tailwindcss+forms@0.5.10_tailwindcss@4.0.14/node_modules/@tailwindcss/forms": {
			"version": "0.5.10",
			"dev": true,
			"license": "MIT",
			"dependencies": {
				"mini-svg-data-uri": "^1.2.3"
			},
			"devDependencies": {
				"autoprefixer": "^10.4.6",
				"concurrently": "^5.3.0",
				"live-server": "^1.2.2",
				"postcss": "^8.4.13",
				"prettier": "^3.3.3",
				"prettier-plugin-tailwindcss": "^0.6.8",
				"tailwindcss": "^3.0.24"
			},
			"peerDependencies": {
				"tailwindcss": ">=3.0.0 || >= 3.0.0-alpha.1 || >= 4.0.0-alpha.20 || >= 4.0.0-beta.1"
			}
		},
		"../../node_modules/.pnpm/@tailwindcss+typography@0.5.16_tailwindcss@4.0.14/node_modules/@tailwindcss/typography": {
			"version": "0.5.16",
			"dev": true,
			"license": "MIT",
			"dependencies": {
				"lodash.castarray": "^4.4.0",
				"lodash.isplainobject": "^4.0.6",
				"lodash.merge": "^4.6.2",
				"postcss-selector-parser": "6.0.10"
			},
			"devDependencies": {
				"@mdx-js/loader": "^1.0.19",
				"@mdx-js/mdx": "^1.6.6",
				"@next/mdx": "^8.1.0",
				"autoprefixer": "^10.2.1",
				"highlight.js": "^10.4.1",
				"jest": "^29.7.0",
				"jest-diff": "^27.3.1",
				"next": "^12.0.1",
				"postcss": "^8.2.3",
				"prettier": "^2.1.2",
				"react": "^17.0.2",
				"react-dom": "^17.0.2",
				"tailwindcss": "^3.2.2"
			},
			"peerDependencies": {
				"tailwindcss": ">=3.0.0 || insiders || >=4.0.0-alpha.20 || >=4.0.0-beta.1"
			}
		},
		"../../node_modules/.pnpm/@tailwindcss+vite@4.0.14_vite@6.2.2_@types+node@20.14.11_jiti@2.4.2_lightningcss@1.29.2_sass@_ichluji3e5pkwql3tvwoyacto4/node_modules/@tailwindcss/vite": {
			"version": "4.0.14",
			"dev": true,
			"license": "MIT",
			"dependencies": {
				"@tailwindcss/node": "4.0.14",
				"@tailwindcss/oxide": "4.0.14",
				"lightningcss": "1.29.2",
				"tailwindcss": "4.0.14"
			},
			"devDependencies": {
				"@types/node": "^20.14.8",
				"vite": "^6.0.0"
			},
			"peerDependencies": {
				"vite": "^5.2.0 || ^6"
			}
		},
		"../../node_modules/.pnpm/svelte-check@4.1.5_picomatch@4.0.2_svelte@5.23.1_typescript@5.5.3/node_modules/svelte-check": {
			"version": "4.1.5",
			"dev": true,
			"license": "MIT",
			"dependencies": {
				"@jridgewell/trace-mapping": "^0.3.25",
				"chokidar": "^4.0.1",
				"fdir": "^6.2.0",
				"picocolors": "^1.0.0",
				"sade": "^1.7.4"
			},
			"bin": {
				"svelte-check": "bin/svelte-check"
			},
			"devDependencies": {
				"@rollup/plugin-commonjs": "^24.0.0",
				"@rollup/plugin-json": "^6.0.0",
				"@rollup/plugin-node-resolve": "^15.0.0",
				"@rollup/plugin-replace": "5.0.2",
				"@rollup/plugin-typescript": "^10.0.0",
				"@types/sade": "^1.7.2",
				"builtin-modules": "^3.3.0",
				"rollup": "3.7.5",
				"rollup-plugin-cleanup": "^3.2.0",
				"rollup-plugin-copy": "^3.4.0",
				"svelte": "^4.2.19",
				"svelte-language-server": "0.17.0",
				"typescript": "^5.8.2",
				"vscode-languageserver": "8.0.2",
				"vscode-languageserver-protocol": "3.17.2",
				"vscode-languageserver-types": "3.17.2",
				"vscode-uri": "~3.0.0"
			},
			"engines": {
				"node": ">= 18.0.0"
			},
			"peerDependencies": {
				"svelte": "^4.0.0 || ^5.0.0-next.0",
				"typescript": ">=5.0.0"
			}
		},
		"../../node_modules/.pnpm/svelte@5.23.1/node_modules/svelte": {
			"version": "5.23.1",
			"dev": true,
			"license": "MIT",
			"dependencies": {
				"@ampproject/remapping": "^2.3.0",
				"@jridgewell/sourcemap-codec": "^1.5.0",
				"@sveltejs/acorn-typescript": "^1.0.5",
				"@types/estree": "^1.0.5",
				"acorn": "^8.12.1",
				"aria-query": "^5.3.1",
				"axobject-query": "^4.1.0",
				"clsx": "^2.1.1",
				"esm-env": "^1.2.1",
				"esrap": "^1.4.3",
				"is-reference": "^3.0.3",
				"locate-character": "^3.0.0",
				"magic-string": "^0.30.11",
				"zimmerframe": "^1.1.2"
			},
			"devDependencies": {
				"@jridgewell/trace-mapping": "^0.3.25",
				"@playwright/test": "^1.46.1",
				"@rollup/plugin-commonjs": "^28.0.1",
				"@rollup/plugin-node-resolve": "^15.3.0",
				"@rollup/plugin-terser": "^0.4.4",
				"@rollup/plugin-virtual": "^3.0.2",
				"@types/aria-query": "^5.0.4",
				"@types/node": "^20.11.5",
				"dts-buddy": "^0.5.5",
				"esbuild": "^0.21.5",
				"rollup": "^4.22.4",
				"source-map": "^0.7.4",
				"tinyglobby": "^0.2.12",
				"typescript": "^5.5.4",
				"vitest": "^2.1.9"
			},
			"engines": {
				"node": ">=18"
			}
		},
		"../../node_modules/.pnpm/tailwindcss@4.0.14/node_modules/tailwindcss": {
			"version": "4.0.14",
			"dev": true,
			"license": "MIT",
			"devDependencies": {
				"@tailwindcss/oxide": "^4.0.14",
				"@types/node": "^20.14.8",
				"dedent": "1.5.3",
				"lightningcss": "1.29.2"
			}
		},
		"../../node_modules/.pnpm/typescript@5.5.3/node_modules/typescript": {
			"version": "5.5.3",
			"dev": true,
			"license": "Apache-2.0",
			"bin": {
				"tsc": "bin/tsc",
				"tsserver": "bin/tsserver"
			},
			"devDependencies": {
				"@dprint/formatter": "^0.3.0",
				"@dprint/typescript": "0.91.0",
				"@esfx/canceltoken": "^1.0.0",
				"@octokit/rest": "^20.1.1",
				"@types/chai": "^4.3.16",
				"@types/microsoft__typescript-etw": "^0.1.3",
				"@types/minimist": "^1.2.5",
				"@types/mocha": "^10.0.6",
				"@types/ms": "^0.7.34",
				"@types/node": "latest",
				"@types/source-map-support": "^0.5.10",
				"@types/which": "^3.0.3",
				"@typescript-eslint/eslint-plugin": "^7.11.0",
				"@typescript-eslint/parser": "^7.11.0",
				"@typescript-eslint/utils": "^7.11.0",
				"azure-devops-node-api": "^13.0.0",
				"c8": "^9.1.0",
				"chai": "^4.4.1",
				"chalk": "^4.1.2",
				"chokidar": "^3.6.0",
				"diff": "^5.2.0",
				"dprint": "^0.46.1",
				"esbuild": "^0.21.4",
				"eslint": "^8.57.0",
				"eslint-formatter-autolinkable-stylish": "^1.3.0",
				"eslint-plugin-local": "^4.2.2",
				"fast-xml-parser": "^4.4.0",
				"glob": "^10.4.1",
				"hereby": "^1.8.9",
				"jsonc-parser": "^3.2.1",
				"minimist": "^1.2.8",
				"mocha": "^10.4.0",
				"mocha-fivemat-progress-reporter": "^0.1.0",
				"ms": "^2.1.3",
				"node-fetch": "^3.3.2",
				"playwright": "^1.44.1",
				"source-map-support": "^0.5.21",
				"tslib": "^2.6.2",
				"typescript": "^5.4.5",
				"which": "^3.0.1"
			},
			"engines": {
				"node": ">=14.17"
			}
		},
		"../../node_modules/.pnpm/vite@6.2.2_@types+node@20.14.11_jiti@2.4.2_lightningcss@1.29.2_sass@1.77.8_tsx@4.19.3_yaml@2.4.5/node_modules/vite": {
			"version": "6.2.2",
			"dev": true,
			"license": "MIT",
			"dependencies": {
				"esbuild": "^0.25.0",
				"postcss": "^8.5.3",
				"rollup": "^4.30.1"
			},
			"bin": {
				"vite": "bin/vite.js"
			},
			"devDependencies": {
				"@ampproject/remapping": "^2.3.0",
				"@babel/parser": "^7.26.9",
				"@jridgewell/trace-mapping": "^0.3.25",
				"@polka/compression": "^1.0.0-next.25",
				"@rollup/plugin-alias": "^5.1.1",
				"@rollup/plugin-commonjs": "^28.0.3",
				"@rollup/plugin-dynamic-import-vars": "2.1.4",
				"@rollup/plugin-json": "^6.1.0",
				"@rollup/plugin-node-resolve": "16.0.0",
				"@rollup/pluginutils": "^5.1.4",
				"@types/escape-html": "^1.0.4",
				"@types/pnpapi": "^0.0.5",
				"artichokie": "^0.3.1",
				"cac": "^6.7.14",
				"chokidar": "^3.6.0",
				"connect": "^3.7.0",
				"convert-source-map": "^2.0.0",
				"cors": "^2.8.5",
				"cross-spawn": "^7.0.6",
				"debug": "^4.4.0",
				"dep-types": "link:./src/types",
				"dotenv": "^16.4.7",
				"dotenv-expand": "^12.0.1",
				"es-module-lexer": "^1.6.0",
				"escape-html": "^1.0.3",
				"estree-walker": "^3.0.3",
				"etag": "^1.8.1",
				"http-proxy": "^1.18.1",
				"launch-editor-middleware": "^2.10.0",
				"lightningcss": "^1.29.2",
				"magic-string": "^0.30.17",
				"mlly": "^1.7.4",
				"mrmime": "^2.0.1",
				"nanoid": "^5.1.3",
				"open": "^10.1.0",
				"parse5": "^7.2.1",
				"pathe": "^2.0.3",
				"periscopic": "^4.0.2",
				"picocolors": "^1.1.1",
				"picomatch": "^4.0.2",
				"postcss-import": "^16.1.0",
				"postcss-load-config": "^6.0.1",
				"postcss-modules": "^6.0.1",
				"resolve.exports": "^2.0.3",
				"rollup-plugin-dts": "^6.1.1",
				"rollup-plugin-esbuild": "^6.2.1",
				"rollup-plugin-license": "^3.6.0",
				"sass": "^1.85.1",
				"sass-embedded": "^1.85.1",
				"sirv": "^3.0.1",
				"source-map-support": "^0.5.21",
				"strip-literal": "^3.0.0",
				"terser": "^5.39.0",
				"tinyglobby": "^0.2.12",
				"tsconfck": "^3.1.5",
				"tslib": "^2.8.1",
				"types": "link:./types",
				"ufo": "^1.5.4",
				"ws": "^8.18.1"
			},
			"engines": {
				"node": "^18.0.0 || ^20.0.0 || >=22.0.0"
			},
			"funding": {
				"url": "https://github.com/vitejs/vite?sponsor=1"
			},
			"optionalDependencies": {
				"fsevents": "~2.3.3"
			},
			"peerDependencies": {
				"@types/node": "^18.0.0 || ^20.0.0 || >=22.0.0",
				"jiti": ">=1.21.0",
				"less": "*",
				"lightningcss": "^1.21.0",
				"sass": "*",
				"sass-embedded": "*",
				"stylus": "*",
				"sugarss": "*",
				"terser": "^5.16.0",
				"tsx": "^4.8.1",
				"yaml": "^2.4.2"
			},
			"peerDependenciesMeta": {
				"@types/node": {
					"optional": true
				},
				"jiti": {
					"optional": true
				},
				"less": {
					"optional": true
				},
				"lightningcss": {
					"optional": true
				},
				"sass": {
					"optional": true
				},
				"sass-embedded": {
					"optional": true
				},
				"stylus": {
					"optional": true
				},
				"sugarss": {
					"optional": true
				},
				"terser": {
					"optional": true
				},
				"tsx": {
					"optional": true
				},
				"yaml": {
					"optional": true
				}
			}
		},
		"node_modules/@sveltejs/adapter-static": {
			"resolved": "../../node_modules/.pnpm/@sveltejs+adapter-static@3.0.8_@sveltejs+kit@2.19.2_@sveltejs+vite-plugin-svelte@5.0.3_svelte_xxuj3xxvvko5owbs6la42xm4bq/node_modules/@sveltejs/adapter-static",
			"link": true
		},
		"node_modules/@sveltejs/kit": {
			"resolved": "../../node_modules/.pnpm/@sveltejs+kit@2.19.2_@sveltejs+vite-plugin-svelte@5.0.3_svelte@5.23.1_vite@6.2.2_@types+node@_efckv7g3unrk5petmbazr2mmya/node_modules/@sveltejs/kit",
			"link": true
		},
		"node_modules/@sveltejs/vite-plugin-svelte": {
			"resolved": "../../node_modules/.pnpm/@sveltejs+vite-plugin-svelte@5.0.3_svelte@5.23.1_vite@6.2.2_@types+node@20.14.11_jiti@2.4.2_l_kodr26uqhfgymfgqgnpjh64cqi/node_modules/@sveltejs/vite-plugin-svelte",
			"link": true
		},
		"node_modules/@tailwindcss/forms": {
			"resolved": "../../node_modules/.pnpm/@tailwindcss+forms@0.5.10_tailwindcss@4.0.14/node_modules/@tailwindcss/forms",
			"link": true
		},
		"node_modules/@tailwindcss/typography": {
			"resolved": "../../node_modules/.pnpm/@tailwindcss+typography@0.5.16_tailwindcss@4.0.14/node_modules/@tailwindcss/typography",
			"link": true
		},
		"node_modules/@tailwindcss/vite": {
			"resolved": "../../node_modules/.pnpm/@tailwindcss+vite@4.0.14_vite@6.2.2_@types+node@20.14.11_jiti@2.4.2_lightningcss@1.29.2_sass@_ichluji3e5pkwql3tvwoyacto4/node_modules/@tailwindcss/vite",
			"link": true
		},
		"node_modules/svelte": {
			"resolved": "../../node_modules/.pnpm/svelte@5.23.1/node_modules/svelte",
			"link": true
		},
		"node_modules/svelte-check": {
			"resolved": "../../node_modules/.pnpm/svelte-check@4.1.5_picomatch@4.0.2_svelte@5.23.1_typescript@5.5.3/node_modules/svelte-check",
			"link": true
		},
		"node_modules/tailwindcss": {
			"resolved": "../../node_modules/.pnpm/tailwindcss@4.0.14/node_modules/tailwindcss",
			"link": true
		},
		"node_modules/typescript": {
			"resolved": "../../node_modules/.pnpm/typescript@5.5.3/node_modules/typescript",
			"link": true
		},
		"node_modules/vite": {
			"resolved": "../../node_modules/.pnpm/vite@6.2.2_@types+node@20.14.11_jiti@2.4.2_lightningcss@1.29.2_sass@1.77.8_tsx@4.19.3_yaml@2.4.5/node_modules/vite",
			"link": true
		}
	}
}
